
Microsoft Visual Studio Solution File, Format Version 12.00
# Visual Studio Version 17
VisualStudioVersion = 17.7.34031.279
MinimumVisualStudioVersion = 10.0.40219.1
Project("{FAE04EC0-301F-11D3-BF4B-00C04F79EFBC}") = "Labb6MorganWestin", "Labb6MorganWestin.csproj", "{BF3150D3-E4E5-4607-A30F-092DFF5E6C1B}"
EndProject
Global
	GlobalSection(SolutionConfigurationPlatforms) = preSolution
		Debug|Any CPU = Debug|Any CPU
		Release|Any CPU = Release|Any CPU
	EndGlobalSection
	GlobalSection(ProjectConfigurationPlatforms) = postSolution
		{BF3150D3-E4E5-4607-A30F-092DFF5E6C1B}.Debug|Any CPU.ActiveCfg = Debug|Any CPU
		{BF3150D3-E4E5-4607-A30F-092DFF5E6C1B}.Debug|Any CPU.Build.0 = Debug|Any CPU
		{BF3150D3-E4E5-4607-A30F-092DFF5E6C1B}.Release|Any CPU.ActiveCfg = Release|Any CPU
		{BF3150D3-E4E5-4607-A30F-092DFF5E6C1B}.Release|Any CPU.Build.0 = Release|Any CPU
	EndGlobalSection
	GlobalSection(SolutionProperties) = preSolution
		HideSolutionNode = FALSE
	EndGlobalSection
	GlobalSection(ExtensibilityGlobals) = postSolution
		SolutionGuid = {5C46C31E-034C-4725-8DF8-90674D9C7FB0}
	EndGlobalSection
EndGlobal
